
Microsoft Visual Studio Solution File, Format Version 12.00
# Visual Studio Version 17
VisualStudioVersion = 17.7.34221.43
MinimumVisualStudioVersion = 10.0.40219.1
Project("{FAE04EC0-301F-11D3-BF4B-00C04F79EFBC}") = "MySuperBank", "MySuperBank.csproj", "{1BC9DAF4-DDF9-4D94-BAF3-8B8CD5CC28DB}"
EndProject
Global
	GlobalSection(SolutionConfigurationPlatforms) = preSolution
		Debug|Any CPU = Debug|Any CPU
		Release|Any CPU = Release|Any CPU
	EndGlobalSection
	GlobalSection(ProjectConfigurationPlatforms) = postSolution
		{1BC9DAF4-DDF9-4D94-BAF3-8B8CD5CC28DB}.Debug|Any CPU.ActiveCfg = Debug|Any CPU
		{1BC9DAF4-DDF9-4D94-BAF3-8B8CD5CC28DB}.Debug|Any CPU.Build.0 = Debug|Any CPU
		{1BC9DAF4-DDF9-4D94-BAF3-8B8CD5CC28DB}.Release|Any CPU.ActiveCfg = Release|Any CPU
		{1BC9DAF4-DDF9-4D94-BAF3-8B8CD5CC28DB}.Release|Any CPU.Build.0 = Release|Any CPU
	EndGlobalSection
	GlobalSection(SolutionProperties) = preSolution
		HideSolutionNode = FALSE
	EndGlobalSection
	GlobalSection(ExtensibilityGlobals) = postSolution
		SolutionGuid = {7FED1C77-7FCA-4CD8-BD6B-14BAC17F5575}
	EndGlobalSection
EndGlobal
